
Microsoft Visual Studio Solution File, Format Version 12.00
# Visual Studio 14
VisualStudioVersion = 14.0.25420.1
MinimumVisualStudioVersion = 10.0.40219.1
Project("{FAE04EC0-301F-11D3-BF4B-00C04F79EFBC}") = "EventBoard.Presentation", "EventBoard.Presentation\EventBoard.Presentation.csproj", "{DF4E72F7-09F3-4927-AACE-9A99939E157E}"
EndProject
Project("{FAE04EC0-301F-11D3-BF4B-00C04F79EFBC}") = "EventBoard.Presentation.Tests", "EventBoard.Presentation.Tests\EventBoard.Presentation.Tests.csproj", "{1061C2E4-C597-4D57-B4FE-4147850E2137}"
EndProject
Project("{FAE04EC0-301F-11D3-BF4B-00C04F79EFBC}") = "EventBoard.Domain", "EventBoard.Domain\EventBoard.Domain.csproj", "{9F4ACD44-35F7-4822-AEA7-6C8A3F5B8A3B}"
EndProject
Project("{FAE04EC0-301F-11D3-BF4B-00C04F79EFBC}") = "EventBoard.DataAccess", "EventBoard.DataAccess\EventBoard.DataAccess.csproj", "{2271B946-02D6-499D-8C3A-45CC6D206360}"
EndProject
Global
	GlobalSection(SolutionConfigurationPlatforms) = preSolution
		Debug|Any CPU = Debug|Any CPU
		Release|Any CPU = Release|Any CPU
	EndGlobalSection
	GlobalSection(ProjectConfigurationPlatforms) = postSolution
		{DF4E72F7-09F3-4927-AACE-9A99939E157E}.Debug|Any CPU.ActiveCfg = Debug|Any CPU
		{DF4E72F7-09F3-4927-AACE-9A99939E157E}.Debug|Any CPU.Build.0 = Debug|Any CPU
		{DF4E72F7-09F3-4927-AACE-9A99939E157E}.Release|Any CPU.ActiveCfg = Release|Any CPU
		{DF4E72F7-09F3-4927-AACE-9A99939E157E}.Release|Any CPU.Build.0 = Release|Any CPU
		{1061C2E4-C597-4D57-B4FE-4147850E2137}.Debug|Any CPU.ActiveCfg = Debug|Any CPU
		{1061C2E4-C597-4D57-B4FE-4147850E2137}.Debug|Any CPU.Build.0 = Debug|Any CPU
		{1061C2E4-C597-4D57-B4FE-4147850E2137}.Release|Any CPU.ActiveCfg = Release|Any CPU
		{1061C2E4-C597-4D57-B4FE-4147850E2137}.Release|Any CPU.Build.0 = Release|Any CPU
		{9F4ACD44-35F7-4822-AEA7-6C8A3F5B8A3B}.Debug|Any CPU.ActiveCfg = Debug|Any CPU
		{9F4ACD44-35F7-4822-AEA7-6C8A3F5B8A3B}.Debug|Any CPU.Build.0 = Debug|Any CPU
		{9F4ACD44-35F7-4822-AEA7-6C8A3F5B8A3B}.Release|Any CPU.ActiveCfg = Release|Any CPU
		{9F4ACD44-35F7-4822-AEA7-6C8A3F5B8A3B}.Release|Any CPU.Build.0 = Release|Any CPU
		{2271B946-02D6-499D-8C3A-45CC6D206360}.Debug|Any CPU.ActiveCfg = Debug|Any CPU
		{2271B946-02D6-499D-8C3A-45CC6D206360}.Debug|Any CPU.Build.0 = Debug|Any CPU
		{2271B946-02D6-499D-8C3A-45CC6D206360}.Release|Any CPU.ActiveCfg = Release|Any CPU
		{2271B946-02D6-499D-8C3A-45CC6D206360}.Release|Any CPU.Build.0 = Release|Any CPU
	EndGlobalSection
	GlobalSection(SolutionProperties) = preSolution
		HideSolutionNode = FALSE
	EndGlobalSection
EndGlobal
